version = 1
revision = 3
requires-python = ">=3.8"
resolution-markers = [
    "python_full_version >= '3.10'",
    "python_full_version == '3.9.*'",
    "python_full_version < '3.9'",
]

[[package]]
name = "aircraft-carrier-tower"
version = "1.0.0"
source = { editable = "." }
dependencies = [
    { name = "pynput" },
    { name = "pyserial" },
]

[package.metadata]
requires-dist = [
    { name = "pynput", specifier = ">=1.7.6" },
    { name = "pyserial", specifier = ">=3.5" },
]

[package.metadata.requires-dev]
dev = []

[[package]]
name = "evdev"
version = "1.9.2"
source = { registry = "https://pypi.org/simple" }
sdist = { url = "https://files.pythonhosted.org/packages/63/fe/a17c106a1f4061ce83f04d14bcedcfb2c38c7793ea56bfb906a6fadae8cb/evdev-1.9.2.tar.gz", hash = "sha256:5d3278892ce1f92a74d6bf888cc8525d9f68af85dbe336c95d1c87fb8f423069", size = 33301, upload-time = "2025-05-01T19:53:47.69Z" }

[[package]]
name = "pynput"
version = "1.8.1"
source = { registry = "https://pypi.org/simple" }
dependencies = [
    { name = "evdev", marker = "'linux' in sys_platform" },
    { name = "pyobjc-framework-applicationservices", version = "10.3.2", source = { registry = "https://pypi.org/simple" }, marker = "python_full_version < '3.9' and sys_platform == 'darwin'" },
    { name = "pyobjc-framework-applicationservices", version = "12.0", source = { registry = "https://pypi.org/simple" }, marker = "python_full_version == '3.9.*' and sys_platform == 'darwin'" },
    { name = "pyobjc-framework-applicationservices", version = "12.1", source = { registry = "https://pypi.org/simple" }, marker = "python_full_version >= '3.10' and sys_platform == 'darwin'" },
    { name = "pyobjc-framework-quartz", version = "10.3.2", source = { registry = "https://pypi.org/simple" }, marker = "python_full_version < '3.9' and sys_platform == 'darwin'" },
    { name = "pyobjc-framework-quartz", version = "12.0", source = { registry = "https://pypi.org/simple" }, marker = "python_full_version == '3.9.*' and sys_platform == 'darwin'" },
    { name = "pyobjc-framework-quartz", version = "12.1", source = { registry = "https://pypi.org/simple" }, marker = "python_full_version >= '3.10' and sys_platform == 'darwin'" },
    { name = "python-xlib", marker = "'linux' in sys_platform" },
    { name = "six" },
]
sdist = { url = "https://files.pythonhosted.org/packages/f0/c3/dccf44c68225046df5324db0cc7d563a560635355b3e5f1d249468268a6f/pynput-1.8.1.tar.gz", hash = "sha256:70d7c8373ee98911004a7c938742242840a5628c004573d84ba849d4601df81e", size = 82289, upload-time = "2025-03-17T17:12:01.481Z" }
wheels = [
    { url = "https://files.pythonhosted.org/packages/59/4f/ac3fa906ae8a375a536b12794128c5efacade9eaa917a35dfd27ce0c7400/pynput-1.8.1-py2.py3-none-any.whl", hash = "sha256:42dfcf27404459ca16ca889c8fb8ffe42a9fe54f722fd1a3e130728e59e768d2", size = 91693, upload-time = "2025-03-17T17:12:00.094Z" },
]

[[package]]
name = "pyobjc-core"
version = "12.0"
source = { registry = "https://pypi.org/simple" }
resolution-markers = [
    "python_full_version == '3.9.*'",
    "python_full_version < '3.9'",
]
sdist = { url = "https://files.pythonhosted.org/packages/ab/dc/6d63019133e39e2b299dfbab786e64997fff0f145c45a417e1dd51faaf3f/pyobjc_core-12.0.tar.gz", hash = "sha256:7e05c805a776149a937b61b892a0459895d32d9002bedc95ce2be31ef1e37a29", size = 991669, upload-time = "2025-10-21T08:26:07.496Z" }
wheels = [
    { url = "https://files.pythonhosted.org/packages/d3/fc/3ee24e2809a47ea758c02ada21c32ad42f611f5771e86a4c199a98d1cee2/pyobjc_core-12.0-cp310-cp310-macosx_10_9_universal2.whl", hash = "sha256:beb665937b0df76412dfd08c6518925806e41536307629a859105270e3a5e6c9", size = 678931, upload-time = "2025-10-21T07:49:40.281Z" },
    { url = "https://files.pythonhosted.org/packages/84/c1/c50e312d32644429d8a9bb3a342aeeb772fba85f9573e7681ca458124a8f/pyobjc_core-12.0-cp311-cp311-macosx_10_9_universal2.whl", hash = "sha256:dd4962aceb0f9a0ee510e11ced449323db85e42664ac9ade53ad1cc2394dc248", size = 673921, upload-time = "2025-10-21T07:50:09.974Z" },
    { url = "https://files.pythonhosted.org/packages/38/95/1acf3be6a8ae457a26e8ff6e08aeb71af49bfc79303b331067c058d448a4/pyobjc_core-12.0-cp312-cp312-macosx_10_13_universal2.whl", hash = "sha256:1675dbb700b6bb6e3f3c9ce3f5401947e0193e16085eeb70e9160c6c6fc1ace5", size = 681179, upload-time = "2025-10-21T07:50:40.094Z" },
    { url = "https://files.pythonhosted.org/packages/88/17/6c247bf9d8de2813f6015671f242333534797e81bdac9e85516fb57dfb00/pyobjc_core-12.0-cp313-cp313-macosx_10_13_universal2.whl", hash = "sha256:c44b76d8306a130c9eb0cb79d86fd6675c8ba3e5b458e78095d271a10cd38b6a", size = 679700, upload-time = "2025-10-21T07:51:09.518Z" },
    { url = "https://files.pythonhosted.org/packages/08/a3/1b26c438c78821e5a82b9c02f7b19a86097aeb2c51132d06e159acc22dc2/pyobjc_core-12.0-cp313-cp313t-macosx_10_13_universal2.whl", hash = "sha256:5c617551e0ab860c49229fcec0135a5cde702485f22254ddc17205eb24b7fc55", size = 721370, upload-time = "2025-10-21T07:51:55.981Z" },
    { url = "https://files.pythonhosted.org/packages/35/b1/6df7d4b0d9f0088855a59f6af59230d1191f78fa84ca68851723272f1916/pyobjc_core-12.0-cp314-cp314-macosx_10_15_universal2.whl", hash = "sha256:c2709ff43ac5c2e9e2c574ae515d3aa0e470345847a4d96c5d4a04b1b86e966d", size = 672302, upload-time = "2025-10-21T07:52:39.445Z" },
    { url = "https://files.pythonhosted.org/packages/f8/10/3a029797c0a22c730ee0d0149ac34ab27afdf51667f96aa23a8ebe7dc3c9/pyobjc_core-12.0-cp314-cp314t-macosx_10_15_universal2.whl", hash = "sha256:eb6b987e53291e7cafd8f71a80a2dd44d7afec4202a143a3e47b75cb9cdb5716", size = 713255, upload-time = "2025-10-21T07:53:25.478Z" },
]

[[package]]
name = "pyobjc-core"
version = "12.1"
source = { registry = "https://pypi.org/simple" }
resolution-markers = [
    "python_full_version >= '3.10'",
]
wheels = [
    { url = "https://files.pythonhosted.org/packages/63/bf/3dbb1783388da54e650f8a6b88bde03c101d9ba93dfe8ab1b1873f1cd999/pyobjc_core-12.1-cp310-cp310-macosx_10_9_universal2.whl", hash = "sha256:93418e79c1655f66b4352168f8c85c942707cb1d3ea13a1da3e6f6a143bacda7", size = 676748, upload-time = "2025-11-14T09:30:50.023Z" },
    { url = "https://files.pythonhosted.org/packages/95/df/d2b290708e9da86d6e7a9a2a2022b91915cf2e712a5a82e306cb6ee99792/pyobjc_core-12.1-cp311-cp311-macosx_10_9_universal2.whl", hash = "sha256:c918ebca280925e7fcb14c5c43ce12dcb9574a33cccb889be7c8c17f3bcce8b6", size = 671263, upload-time = "2025-11-14T09:31:35.231Z" },
    { url = "https://files.pythonhosted.org/packages/64/5a/6b15e499de73050f4a2c88fff664ae154307d25dc04da8fb38998a428358/pyobjc_core-12.1-cp312-cp312-macosx_10_13_universal2.whl", hash = "sha256:818bcc6723561f207e5b5453efe9703f34bc8781d11ce9b8be286bb415eb4962", size = 678335, upload-time = "2025-11-14T09:32:20.107Z" },
    { url = "https://files.pythonhosted.org/packages/f4/d2/29e5e536adc07bc3d33dd09f3f7cf844bf7b4981820dc2a91dd810f3c782/pyobjc_core-12.1-cp313-cp313-macosx_10_13_universal2.whl", hash = "sha256:01c0cf500596f03e21c23aef9b5f326b9fb1f8f118cf0d8b66749b6cf4cbb37a", size = 677370, upload-time = "2025-11-14T09:33:05.273Z" },
    { url = "https://files.pythonhosted.org/packages/1b/f0/4b4ed8924cd04e425f2a07269943018d43949afad1c348c3ed4d9d032787/pyobjc_core-12.1-cp313-cp313t-macosx_10_13_universal2.whl", hash = "sha256:177aaca84bb369a483e4961186704f64b2697708046745f8167e818d968c88fc", size = 719586, upload-time = "2025-11-14T09:33:53.302Z" },
    { url = "https://files.pythonhosted.org/packages/25/98/9f4ed07162de69603144ff480be35cd021808faa7f730d082b92f7ebf2b5/pyobjc_core-12.1-cp314-cp314-macosx_10_15_universal2.whl", hash = "sha256:844515f5d86395b979d02152576e7dee9cc679acc0b32dc626ef5bda315eaa43", size = 670164, upload-time = "2025-11-14T09:34:37.458Z" },
    { url = "https://files.pythonhosted.org/packages/62/50/dc076965c96c7f0de25c0a32b7f8aa98133ed244deaeeacfc758783f1f30/pyobjc_core-12.1-cp314-cp314t-macosx_10_15_universal2.whl", hash = "sha256:453b191df1a4b80e756445b935491b974714456ae2cbae816840bd96f86db882", size = 712204, upload-time = "2025-11-14T09:35:24.148Z" },
]

[[package]]
name = "pyobjc-framework-applicationservices"
version = "10.3.2"
source = { registry = "https://pypi.org/simple" }
resolution-markers = [
    "python_full_version < '3.9'",
]
dependencies = [
    { name = "pyobjc-core", version = "12.0", source = { registry = "https://pypi.org/simple" }, marker = "python_full_version < '3.9'" },
    { name = "pyobjc-framework-cocoa", version = "10.3.2", source = { registry = "https://pypi.org/simple" }, marker = "python_full_version < '3.9'" },
    { name = "pyobjc-framework-coretext", version = "10.3.2", source = { registry = "https://pypi.org/simple" }, marker = "python_full_version < '3.9'" },
    { name = "pyobjc-framework-quartz", version = "10.3.2", source = { registry = "https://pypi.org/simple" }, marker = "python_full_version < '3.9'" },
]
sdist = { url = "https://files.pythonhosted.org/packages/78/a0/32cd02c3e5f0f740f86064a078278c180d3058c857b8425a5128866e3931/pyobjc_framework_applicationservices-10.3.2.tar.gz", hash = "sha256:2116c3854ac07c022268eebc7cb40ccba30727df78442e57e0280b5193c8183c", size = 183088, upload-time = "2024-11-30T15:26:58.283Z" }
wheels = [
    { url = "https://files.pythonhosted.org/packages/73/f4/723f654f9b8002c018edaee7e054ebd8eaa1bc761c93ea3d8d549853c87d/pyobjc_framework_ApplicationServices-10.3.2-cp310-cp310-macosx_10_9_universal2.whl", hash = "sha256:7e0d5d7d23a406508d59fee53bb91b1f559c055d744edc3172669b3fb0f9941b", size = 30723, upload-time = "2024-11-30T13:02:21.294Z" },
    { url = "https://files.pythonhosted.org/packages/87/07/168a9fe2a9431faa765f83768dba8e74a103ce70649e66a249e1bcfcbf71/pyobjc_framework_ApplicationServices-10.3.2-cp311-cp311-macosx_10_9_universal2.whl", hash = "sha256:f0a0b47a0371246a02efcf9335ae3d18166e80e4237e25c25a13993f8df5cc1d", size = 30724, upload-time = "2024-11-30T13:02:45.033Z" },
    { url = "https://files.pythonhosted.org/packages/f7/c0/59d4a79aac12052c2c594c7e4e8f16ddf16be0aaae8f8321f93ac1f92a16/pyobjc_framework_ApplicationServices-10.3.2-cp312-cp312-macosx_10_13_universal2.whl", hash = "sha256:b9174444599b6adf37c1d28915445d716324f1cdc70a1818f7cb4f181caeee1b", size = 30776, upload-time = "2024-11-30T13:02:46.596Z" },
    { url = "https://files.pythonhosted.org/packages/09/b9/1b47a7a4d693c0686e2b94bba09db00bf1ce9f29924403448c68286ec90c/pyobjc_framework_ApplicationServices-10.3.2-cp313-cp313-macosx_10_13_universal2.whl", hash = "sha256:18ea759e4792d3ed9e8b94f0d96f6fece647e365d0bb09bb935c32262822fe01", size = 30762, upload-time = "2024-11-30T13:03:31.431Z" },
    { url = "https://files.pythonhosted.org/packages/ba/42/64f1f76e135b356e2b911925fd55438750b939a558acb29304dad6d0ffb8/pyobjc_framework_ApplicationServices-10.3.2-cp313-cp313t-macosx_10_13_universal2.whl", hash = "sha256:1b1db81225b993cd6f93c7271e13b0bbdfd3c89fae6f7111b21dd8933fab1269", size = 31128, upload-time = "2024-11-30T13:03:46.773Z" },
    { url = "https://files.pythonhosted.org/packages/9a/de/7d36c974bb89727fbe3a6ef3f2afba4e1a89679c6d8b538b9406974f7fd1/pyobjc_framework_ApplicationServices-10.3.2-cp38-cp38-macosx_10_9_x86_64.whl", hash = "sha256:ae434e7812c82bf959efaa1f7592bd3bb2ea47ce4eb90e4106ff901d81ecb49c", size = 25856, upload-time = "2024-11-30T13:03:49.619Z" },
    { url = "https://files.pythonhosted.org/packages/7d/9d/e8e284650b7a6082a3e478eacb291c6025a82d709f1b7cb07c00ef23a410/pyobjc_framework_ApplicationServices-10.3.2-cp38-cp38-macosx_11_0_universal2.whl", hash = "sha256:3ba30d55f0c31066e20c850c3ddeef4e728805d1957e235d0dcec6cadd3d4b90", size = 31579, upload-time = "2024-11-30T13:04:20.522Z" },
    { url = "https://files.pythonhosted.org/packages/e9/9d/90869bbb4b31990b70ab784119b39b3da44fac630e5b5c28d668f4866384/pyobjc_framework_ApplicationServices-10.3.2-cp39-cp39-macosx_10_9_universal2.whl", hash = "sha256:323121f45aaa09dd8607e0554beb831184921ecaf69cd540debd91f2926d3b06", size = 30719, upload-time = "2024-11-30T13:04:39.669Z" },
]

[[package]]
name = "pyobjc-framework-applicationservices"
version = "12.0"
source = { registry = "https://pypi.org/simple" }
resolution-markers = [
    "python_full_version == '3.9.*'",
]
dependencies = [
    { name = "pyobjc-core", version = "12.0", source = { registry = "https://pypi.org/simple" }, marker = "python_full_version == '3.9.*'" },
    { name = "pyobjc-framework-cocoa", version = "12.0", source = { registry = "https://pypi.org/simple" }, marker = "python_full_version == '3.9.*'" },
    { name = "pyobjc-framework-coretext", version = "12.0", source = { registry = "https://pypi.org/simple" }, marker = "python_full_version == '3.9.*'" },
    { name = "pyobjc-framework-quartz", version = "12.0", source = { registry = "https://pypi.org/simple" }, marker = "python_full_version == '3.9.*'" },
]
sdist = { url = "https://files.pythonhosted.org/packages/8c/79/0b7a00bcc7561c816281382c933a46aa7a90acca48b942054b7d32d0caf7/pyobjc_framework_applicationservices-12.0.tar.gz", hash = "sha256:eabbf6c57573158714aa656e5d0112330a87692db336aae7e94e216db89e93be", size = 103595, upload-time = "2025-10-21T08:26:32.651Z" }
wheels = [
    { url = "https://files.pythonhosted.org/packages/90/e3/6fc8f9b89dff563d145b089e0e12f1f5a238e6be3ac8987416db9fafe257/pyobjc_framework_applicationservices-12.0-cp310-cp310-macosx_10_9_universal2.whl", hash = "sha256:fe484597eb9d53b14abf1d44dad2d242d2c1e17849035b518f3c99d76ea817ea", size = 32798, upload-time = "2025-10-21T07:54:05.462Z" },
    { url = "https://files.pythonhosted.org/packages/51/ba/62e7bfce26b1f742a4b6f204a77d807e14766ceb3c6b9f702be6de3f9b38/pyobjc_framework_applicationservices-12.0-cp311-cp311-macosx_10_9_universal2.whl", hash = "sha256:5d9684f53b42d534fd67a23a9958c53bf6c738e7b478fa3a87263865a013f287", size = 32799, upload-time = "2025-10-21T07:54:08.913Z" },
    { url = "https://files.pythonhosted.org/packages/74/3a/3db8a9bdd895781d67eeb096064944b36e0fb48caded27b62ec499b78a2b/pyobjc_framework_applicationservices-12.0-cp312-cp312-macosx_10_13_universal2.whl", hash = "sha256:e1a89cd9da992a07497d93931edc6469cc53c39dc0ab47b62eaa4d10204c37c6", size = 32850, upload-time = "2025-10-21T07:54:12.003Z" },
    { url = "https://files.pythonhosted.org/packages/9b/cf/ae603c46217c04ec7598c62a2d46fa9b6ab66e127148bff1f352b850fc72/pyobjc_framework_applicationservices-12.0-cp313-cp313-macosx_10_13_universal2.whl", hash = "sha256:9ff39c0301f2430253fbfea114afb00594426e0b66a1bec1c28cd60f75d02005", size = 32871, upload-time = "2025-10-21T07:54:15.33Z" },
    { url = "https://files.pythonhosted.org/packages/c6/79/a578c8b1aa8634c2c9f8bbd66a3cdc385013a4cd9558741a4da26c040e51/pyobjc_framework_applicationservices-12.0-cp313-cp313t-macosx_10_13_universal2.whl", hash = "sha256:ecd7651ab330790722f3590465392dbab3d76be0370ff7e015584053d571e218", size = 33132, upload-time = "2025-10-21T07:54:18.388Z" },
    { url = "https://files.pythonhosted.org/packages/ce/8b/336788981a3c1aa00e75d021a5ed00e453587da1eee0d55bb8b674f2b623/pyobjc_framework_applicationservices-12.0-cp314-cp314-macosx_10_15_universal2.whl", hash = "sha256:b153a0b8e915751ca50651be6f9fe002ef7536677f5c37a4dff0f3fd98e5b16a", size = 33007, upload-time = "2025-10-21T07:54:21.971Z" },
    { url = "https://files.pythonhosted.org/packages/a8/50/0e300544e8204d02b4a0477fa157e904921c98b15f67e19b4a49a80f02c9/pyobjc_framework_applicationservices-12.0-cp314-cp314t-macosx_10_15_universal2.whl", hash = "sha256:56f8fabdc3972fc9a97630b24c31d8b852502c3273071ab3d3b467cc5e7c6431", size = 33250, upload-time = "2025-10-21T07:54:25.395Z" },
]

[[package]]
name = "pyobjc-framework-applicationservices"
version = "12.1"
source = { registry = "https://pypi.org/simple" }
resolution-markers = [
    "python_full_version >= '3.10'",
]
dependencies = [
    { name = "pyobjc-core", version = "12.1", source = { registry = "https://pypi.org/simple" }, marker = "python_full_version >= '3.10'" },
    { name = "pyobjc-framework-cocoa", version = "12.1", source = { registry = "https://pypi.org/simple" }, marker = "python_full_version >= '3.10'" },
    { name = "pyobjc-framework-coretext", version = "12.1", source = { registry = "https://pypi.org/simple" }, marker = "python_full_version >= '3.10'" },
    { name = "pyobjc-framework-quartz", version = "12.1", source = { registry = "https://pypi.org/simple" }, marker = "python_full_version >= '3.10'" },
]
wheels = [
    { url = "https://files.pythonhosted.org/packages/52/9d/3cf36e7b08832e71f5d48ddfa1047865cf2dfc53df8c0f2a82843ea9507a/pyobjc_framework_applicationservices-12.1-cp310-cp310-macosx_10_9_universal2.whl", hash = "sha256:c4fd1b008757182b9e2603a63c6ffa930cc412fab47294ec64260ab3f8ec695d", size = 32791, upload-time = "2025-11-14T09:36:05.576Z" },
    { url = "https://files.pythonhosted.org/packages/17/86/d07eff705ff909a0ffa96d14fc14026e9fc9dd716233648c53dfd5056b8e/pyobjc_framework_applicationservices-12.1-cp311-cp311-macosx_10_9_universal2.whl", hash = "sha256:bdddd492eeac6d14ff2f5bd342aba29e30dffa72a2d358c08444da22129890e2", size = 32784, upload-time = "2025-11-14T09:36:08.755Z" },
    { url = "https://files.pythonhosted.org/packages/37/a7/55fa88def5c02732c4b747606ff1cbce6e1f890734bbd00f5596b21eaa02/pyobjc_framework_applicationservices-12.1-cp312-cp312-macosx_10_13_universal2.whl", hash = "sha256:c8f6e2fb3b3e9214ab4864ef04eee18f592b46a986c86ea0113448b310520532", size = 32835, upload-time = "2025-11-14T09:36:11.855Z" },
    { url = "https://files.pythonhosted.org/packages/fc/21/79e42ee836f1010f5fe9e97d2817a006736bd287c15a3674c399190a2e77/pyobjc_framework_applicationservices-12.1-cp313-cp313-macosx_10_13_universal2.whl", hash = "sha256:bd1f4dbb38234a24ae6819f5e22485cf7dd3dd4074ff3bf9a9fdb4c01a3b4a38", size = 32859, upload-time = "2025-11-14T09:36:15.208Z" },
    { url = "https://files.pythonhosted.org/packages/66/3a/0f1d4dcf2345e875e5ea9761d5a70969e241d24089133d21f008dde596f5/pyobjc_framework_applicationservices-12.1-cp313-cp313t-macosx_10_13_universal2.whl", hash = "sha256:8a5d2845249b6a85ba9e320a9848468c3f8cd6f59605a9a43f406a7810eaa830", size = 33115, upload-time = "2025-11-14T09:36:18.384Z" },
    { url = "https://files.pythonhosted.org/packages/40/44/3196b40fec68b4413c92875311f17ccf4c3ff7d2e53676f8fc18ad29bd18/pyobjc_framework_applicationservices-12.1-cp314-cp314-macosx_10_15_universal2.whl", hash = "sha256:f43c9a24ad97a9121276d4d571aa04a924282c80d7291cfb3b29839c3e2013a8", size = 32997, upload-time = "2025-11-14T09:36:21.58Z" },
    { url = "https://files.pythonhosted.org/packages/fd/bb/dab21d2210d3ef7dd0616df7e8ea89b5d8d62444133a25f76e649a947168/pyobjc_framework_applicationservices-12.1-cp314-cp314t-macosx_10_15_universal2.whl", hash = "sha256:1f72e20009a4ebfd5ed5b23dc11c1528ad6b55cc63ee71952ddb2a5e5f1cb7da", size = 33238, upload-time = "2025-11-14T09:36:24.751Z" },
]

[[package]]
name = "pyobjc-framework-cocoa"
version = "10.3.2"
source = { registry = "https://pypi.org/simple" }
resolution-markers = [
    "python_full_version < '3.9'",
]
dependencies = [
    { name = "pyobjc-core", version = "12.0", source = { registry = "https://pypi.org/simple" }, marker = "python_full_version < '3.9'" },
]
sdist = { url = "https://files.pythonhosted.org/packages/39/41/4f09a5e9a6769b4dafb293ea597ed693cc0def0e07867ad0a42664f530b6/pyobjc_framework_cocoa-10.3.2.tar.gz", hash = "sha256:673968e5435845bef969bfe374f31a1a6dc660c98608d2b84d5cae6eafa5c39d", size = 4942530, upload-time = "2024-11-30T15:30:27.244Z" }
wheels = [
    { url = "https://files.pythonhosted.org/packages/7f/92/8181f9d1cc5539ffb56fe9a91df54348eb0eb36764e53b0082267192ce4b/pyobjc_framework_Cocoa-10.3.2-cp310-cp310-macosx_10_9_universal2.whl", hash = "sha256:61f44c2adab28fdf3aa3d593c9497a2d9ceb9583ed9814adb48828c385d83ff4", size = 381552, upload-time = "2024-11-30T13:17:34.02Z" },
    { url = "https://files.pythonhosted.org/packages/94/52/a41bf62d1467d74e61a729a1e36e064abb47f124a5e484643f021388873f/pyobjc_framework_Cocoa-10.3.2-cp311-cp311-macosx_10_9_universal2.whl", hash = "sha256:7caaf8b260e81b27b7b787332846f644b9423bfc1536f6ec24edbde59ab77a87", size = 381529, upload-time = "2024-11-30T13:18:06.791Z" },
    { url = "https://files.pythonhosted.org/packages/22/fc/496c6ce1386f93d22d9a1ee1889215ed69989d976efa27e46b37b95a4f2d/pyobjc_framework_Cocoa-10.3.2-cp312-cp312-macosx_10_13_universal2.whl", hash = "sha256:c49e99fc4b9e613fb308651b99d52a8a9ae9916c8ef27aa2f5d585b6678a59bf", size = 381866, upload-time = "2024-11-30T13:18:08.83Z" },
    { url = "https://files.pythonhosted.org/packages/4e/c4/bccb4c05422170c0afccf6ebbdcc7551f7ddd03d2f7a65498d02cb179993/pyobjc_framework_Cocoa-10.3.2-cp313-cp313-macosx_10_13_universal2.whl", hash = "sha256:f1161b5713f9b9934c12649d73a6749617172e240f9431eff9e22175262fdfda", size = 381878, upload-time = "2024-11-30T13:18:26.24Z" },
    { url = "https://files.pythonhosted.org/packages/25/ec/68657a633512edb84ecb1ff47a067a81028d6f027aa923e806400d2f8a26/pyobjc_framework_Cocoa-10.3.2-cp313-cp313t-macosx_10_13_universal2.whl", hash = "sha256:08e48b9ee4eb393447b2b781d16663b954bd10a26927df74f92e924c05568d89", size = 384925, upload-time = "2024-11-30T13:18:28.171Z" },
    { url = "https://files.pythonhosted.org/packages/fc/6b/1167d2e926b29fa79680ba83028818af28ec97a91e84d849ab18a6b51342/pyobjc_framework_Cocoa-10.3.2-cp38-cp38-macosx_10_9_x86_64.whl", hash = "sha256:7faa448d2038ae0e0287a326d390002e744bb6470e45995e2dbd16c892e4495a", size = 284040, upload-time = "2024-11-30T13:18:57.955Z" },
    { url = "https://files.pythonhosted.org/packages/41/df/b627ac079a11011f7a9e4ae5a3c358fc6540d0b51386d339e214a957a4aa/pyobjc_framework_Cocoa-10.3.2-cp38-cp38-macosx_11_0_universal2.whl", hash = "sha256:fcd53fee2be9708576617994b107aedc2c40824b648cd51e780e8399c0a447b6", size = 381813, upload-time = "2024-11-30T13:18:59.766Z" },
    { url = "https://files.pythonhosted.org/packages/cc/fb/3ed87bcc1db8290cf83aad4cb584c7b489f1aad5500008ba3b43b6fd1a8b/pyobjc_framework_Cocoa-10.3.2-cp39-cp39-macosx_10_9_universal2.whl", hash = "sha256:838fcf0d10674bde9ff64a3f20c0e188f2dc5e804476d80509b81c4ac1dabc59", size = 381514, upload-time = "2024-11-30T13:19:15.651Z" },
]

[[package]]
name = "pyobjc-framework-cocoa"
version = "12.0"
source = { registry = "https://pypi.org/simple" }
resolution-markers = [
    "python_full_version == '3.9.*'",
]
dependencies = [
    { name = "pyobjc-core", version = "12.0", source = { registry = "https://pypi.org/simple" }, marker = "python_full_version == '3.9.*'" },
]
sdist = { url = "https://files.pythonhosted.org/packages/37/6f/89837da349fe7de6476c426f118096b147de923139556d98af1832c64b97/pyobjc_framework_cocoa-12.0.tar.gz", hash = "sha256:02d69305b698015a20fcc8e1296e1528e413d8cf9fdcd590478d359386d76e8a", size = 2771906, upload-time = "2025-10-21T08:30:51.765Z" }
wheels = [
    { url = "https://files.pythonhosted.org/packages/96/24/b36e0e8d3fc8320a252f243a7f909d7339fa6c057c670651568898a56e5c/pyobjc_framework_cocoa-12.0-cp310-cp310-macosx_10_9_universal2.whl", hash = "sha256:fe453a559be779fb4bc730b2f6686c5c78eb1898a7291964bc289f96506879b6", size = 383757, upload-time = "2025-10-21T07:58:18.844Z" },
    { url = "https://files.pythonhosted.org/packages/8d/7d/1758df5c2cbf9a0a447cab7e9e5690f166c8b2117dc15d8f38a9526af9db/pyobjc_framework_cocoa-12.0-cp311-cp311-macosx_10_9_universal2.whl", hash = "sha256:ae041b7c64a8fa93f0e06728681f7ad657ef2c92dcfdf8abc073d89fb6e3910b", size = 383765, upload-time = "2025-10-21T07:58:44.189Z" },
    { url = "https://files.pythonhosted.org/packages/18/76/ee7a07e64f7afeff36bf2efe66caed93e41fcaa2b23fc89c4746387e4a0d/pyobjc_framework_cocoa-12.0-cp312-cp312-macosx_10_13_universal2.whl", hash = "sha256:ed99d53a91f9feb9452ba8942cd09d86727f6dd2d56ecfd9b885ddbd4259ebdd", size = 384540, upload-time = "2025-10-21T07:59:09.299Z" },
    { url = "https://files.pythonhosted.org/packages/fb/29/cfef5f021576976698c6ae195fa304238b9f6716e1b3eb11258d2572afe9/pyobjc_framework_cocoa-12.0-cp313-cp313-macosx_10_13_universal2.whl", hash = "sha256:13e573f5093f4158f305b1bac5e1f783881ce2f5f4a69f3c80cb000f76731259", size = 384659, upload-time = "2025-10-21T07:59:34.859Z" },
    { url = "https://files.pythonhosted.org/packages/f1/37/d2d9a143ab5387815a00f478916a52425c4792678366ef6cedf20b8cc9cd/pyobjc_framework_cocoa-12.0-cp313-cp313t-macosx_10_13_universal2.whl", hash = "sha256:3b167793cd1b509eaf693140ace9be1f827a2c8686fceb8c599907661f608bc2", size = 388787, upload-time = "2025-10-21T08:00:00.006Z" },
    { url = "https://files.pythonhosted.org/packages/0f/15/0a6122e430d0e2ba27ad0e345b89f85346805f39d6f97eea6430a74350d9/pyobjc_framework_cocoa-12.0-cp314-cp314-macosx_10_15_universal2.whl", hash = "sha256:a2b6fb9ab3e5ab6db04dfa17828a97894e7da85dd8600885c72a0c2c2214d618", size = 384890, upload-time = "2025-10-21T08:00:25.286Z" },
    { url = "https://files.pythonhosted.org/packages/79/d7/1a3ad814d427c08b99405e571e47a0219598930ad73850ac02d164d88cd0/pyobjc_framework_cocoa-12.0-cp314-cp314t-macosx_10_15_universal2.whl", hash = "sha256:32ff10250a57f72a0b6eca85b790dcc87548ff71d33d0436ffb69680d5e2f308", size = 388925, upload-time = "2025-10-21T08:00:47.309Z" },
]

[[package]]
name = "pyobjc-framework-cocoa"
version = "12.1"
source = { registry = "https://pypi.org/simple" }
resolution-markers = [
    "python_full_version >= '3.10'",
]
dependencies = [
    { name = "pyobjc-core", version = "12.1", source = { registry = "https://pypi.org/simple" }, marker = "python_full_version >= '3.10'" },
]
wheels = [
    { url = "https://files.pythonhosted.org/packages/b2/aa/2b2d7ec3ac4b112a605e9bd5c5e5e4fd31d60a8a4b610ab19cc4838aa92a/pyobjc_framework_cocoa-12.1-cp310-cp310-macosx_10_9_universal2.whl", hash = "sha256:9b880d3bdcd102809d704b6d8e14e31611443aa892d9f60e8491e457182fdd48", size = 383825, upload-time = "2025-11-14T09:40:28.354Z" },
    { url = "https://files.pythonhosted.org/packages/3f/07/5760735c0fffc65107e648eaf7e0991f46da442ac4493501be5380e6d9d4/pyobjc_framework_cocoa-12.1-cp311-cp311-macosx_10_9_universal2.whl", hash = "sha256:f52228bcf38da64b77328787967d464e28b981492b33a7675585141e1b0a01e6", size = 383812, upload-time = "2025-11-14T09:40:53.169Z" },
    { url = "https://files.pythonhosted.org/packages/95/bf/ee4f27ec3920d5c6fc63c63e797c5b2cc4e20fe439217085d01ea5b63856/pyobjc_framework_cocoa-12.1-cp312-cp312-macosx_10_13_universal2.whl", hash = "sha256:547c182837214b7ec4796dac5aee3aa25abc665757b75d7f44f83c994bcb0858", size = 384590, upload-time = "2025-11-14T09:41:17.336Z" },
    { url = "https://files.pythonhosted.org/packages/ad/31/0c2e734165abb46215797bd830c4bdcb780b699854b15f2b6240515edcc6/pyobjc_framework_cocoa-12.1-cp313-cp313-macosx_10_13_universal2.whl", hash = "sha256:5a3dcd491cacc2f5a197142b3c556d8aafa3963011110102a093349017705118", size = 384689, upload-time = "2025-11-14T09:41:41.478Z" },
    { url = "https://files.pythonhosted.org/packages/23/3b/b9f61be7b9f9b4e0a6db18b3c35c4c4d589f2d04e963e2174d38c6555a92/pyobjc_framework_cocoa-12.1-cp313-cp313t-macosx_10_13_universal2.whl", hash = "sha256:914b74328c22d8ca261d78c23ef2befc29776e0b85555973927b338c5734ca44", size = 388843, upload-time = "2025-11-14T09:42:05.719Z" },
    { url = "https://files.pythonhosted.org/packages/59/bb/f777cc9e775fc7dae77b569254570fe46eb842516b3e4fe383ab49eab598/pyobjc_framework_cocoa-12.1-cp314-cp314-macosx_10_15_universal2.whl", hash = "sha256:03342a60fc0015bcdf9b93ac0b4f457d3938e9ef761b28df9564c91a14f0129a", size = 384932, upload-time = "2025-11-14T09:42:29.771Z" },
    { url = "https://files.pythonhosted.org/packages/58/27/b457b7b37089cad692c8aada90119162dfb4c4a16f513b79a8b2b022b33b/pyobjc_framework_cocoa-12.1-cp314-cp314t-macosx_10_15_universal2.whl", hash = "sha256:6ba1dc1bfa4da42d04e93d2363491275fb2e2be5c20790e561c8a9e09b8cf2cc", size = 388970, upload-time = "2025-11-14T09:42:53.964Z" },
]

[[package]]
name = "pyobjc-framework-coretext"
version = "10.3.2"
source = { registry = "https://pypi.org/simple" }
resolution-markers = [
    "python_full_version < '3.9'",
]
dependencies = [
    { name = "pyobjc-core", version = "12.0", source = { registry = "https://pypi.org/simple" }, marker = "python_full_version < '3.9'" },
    { name = "pyobjc-framework-cocoa", version = "10.3.2", source = { registry = "https://pypi.org/simple" }, marker = "python_full_version < '3.9'" },
    { name = "pyobjc-framework-quartz", version = "10.3.2", source = { registry = "https://pypi.org/simple" }, marker = "python_full_version < '3.9'" },
]
sdist = { url = "https://files.pythonhosted.org/packages/24/8e/bb442edfeeada13d2c96796bd36e3dcc0b91ac5c1a6774c21c12b7498770/pyobjc_framework_coretext-10.3.2.tar.gz", hash = "sha256:b1184146c628ba59c21c59eaa8e12256118daf8823deb7fb12013ecdfbc7f578", size = 233780, upload-time = "2024-11-30T17:06:46.732Z" }
wheels = [
    { url = "https://files.pythonhosted.org/packages/5a/80/b40b6adb0d10f85b1f3edc11ab728ff35ef899ec71bc36b6d2c754495893/pyobjc_framework_CoreText-10.3.2-cp310-cp310-macosx_10_9_universal2.whl", hash = "sha256:ead0b5b28031259d8874d641887fcbe106a8325773e142b054532859eb3d9ad3", size = 30083, upload-time = "2024-11-30T13:39:50.984Z" },
    { url = "https://files.pythonhosted.org/packages/72/33/66f7f410ae46bf0200bf8af8dbb68fe95a6ea9c2cc5f6696f8aef4837bc6/pyobjc_framework_CoreText-10.3.2-cp311-cp311-macosx_10_9_universal2.whl", hash = "sha256:c3b3cdf462442294319472bdacb013ce57f63f99325fa885b4b4a54a25bce201", size = 30084, upload-time = "2024-11-30T13:39:52.168Z" },
    { url = "https://files.pythonhosted.org/packages/50/b6/44e23a558a777e25f98bc54ecd2a7a0febcec67e1ebe9b4ba90c3ddd0701/pyobjc_framework_CoreText-10.3.2-cp312-cp312-macosx_10_13_universal2.whl", hash = "sha256:6be644434ac69969cbf3cd4638ab0dfa5485da399d0e79e52b006658346d3881", size = 30226, upload-time = "2024-11-30T13:39:53.075Z" },
    { url = "https://files.pythonhosted.org/packages/65/e8/d775ba05c4bdf275afed25dbbec745aada07f8461811df9f08c84d712ca9/pyobjc_framework_CoreText-10.3.2-cp313-cp313-macosx_10_13_universal2.whl", hash = "sha256:1721a16419dd75cedf87239fcb8e4739057d3b63d23378f4b38bda12acbe815b", size = 30214, upload-time = "2024-11-30T13:39:54.01Z" },
    { url = "https://files.pythonhosted.org/packages/f0/f0/2ba3f0a982974e4bdeaec6b961dfbbde5919ed57bff926d8362f0f3e138c/pyobjc_framework_CoreText-10.3.2-cp313-cp313t-macosx_10_13_universal2.whl", hash = "sha256:685f3b3c2a65bf0f6709ea0e420ee1dac2610c939fe151a055feb8e7b477b845", size = 30754, upload-time = "2024-11-30T13:39:54.899Z" },
    { url = "https://files.pythonhosted.org/packages/d5/16/204bcf3544f099a910ca2da32b239e0856154f78784b69eee2c9fd9a590f/pyobjc_framework_CoreText-10.3.2-cp38-cp38-macosx_10_9_x86_64.whl", hash = "sha256:d39bb096d27707f905f305b820fc29e3b5d55d704a6fd9520398e295d4a2cce6", size = 24332, upload-time = "2024-11-30T13:40:12.984Z" },
    { url = "https://files.pythonhosted.org/packages/81/9b/d3e6b9d6b1569b35836bc3a24a5697ff4d58935cc9e59b51d6a97e6736fc/pyobjc_framework_CoreText-10.3.2-cp38-cp38-macosx_11_0_universal2.whl", hash = "sha256:6834b003ffe652f0de92144a34b9ce2d4b000828df9c4d717be8bc955076b588", size = 30053, upload-time = "2024-11-30T13:40:14.255Z" },
    { url = "https://files.pythonhosted.org/packages/94/82/de06cbed56118b8fb6896d6b479c24c5526a4270d22f6d90e8a0cf043b75/pyobjc_framework_CoreText-10.3.2-cp39-cp39-macosx_10_9_universal2.whl", hash = "sha256:e76bab8328a729939035962d0cbbd2a191b3c02fae85431ea77b4469aa0c491d", size = 30081, upload-time = "2024-11-30T13:40:46.513Z" },
]

[[package]]
name = "pyobjc-framework-coretext"
version = "12.0"
source = { registry = "https://pypi.org/simple" }
resolution-markers = [
    "python_full_version == '3.9.*'",
]
dependencies = [
    { name = "pyobjc-core", version = "12.0", source = { registry = "https://pypi.org/simple" }, marker = "python_full_version == '3.9.*'" },
    { name = "pyobjc-framework-cocoa", version = "12.0", source = { registry = "https://pypi.org/simple" }, marker = "python_full_version == '3.9.*'" },
    { name = "pyobjc-framework-quartz", version = "12.0", source = { registry = "https://pypi.org/simple" }, marker = "python_full_version == '3.9.*'" },
]
sdist = { url = "https://files.pythonhosted.org/packages/b1/36/32ec183e555b73152d7813f6f7c277fd018440f70a1f142bd75b04946089/pyobjc_framework_coretext-12.0.tar.gz", hash = "sha256:8cc0c7dd2b7e68ad1c760784e422722550c77cbdbd60eb455170ec444ca1cfd2", size = 90546, upload-time = "2025-10-21T08:32:31.291Z" }
wheels = [
    { url = "https://files.pythonhosted.org/packages/ec/65/9638497f1e3df02c22317f4769e04c1e9adda99b08a6b5b00da35e0bb3b0/pyobjc_framework_coretext-12.0-cp310-cp310-macosx_10_9_universal2.whl", hash = "sha256:3cb1c1068f68f1119306c5e9df84c70cbaedd259446c9602093b5ae96ac543cb", size = 29997, upload-time = "2025-10-21T08:04:47.598Z" },
    { url = "https://files.pythonhosted.org/packages/31/b2/55fd3dce67223e799d862a62f2b8228836e3921dbf58a2fba939ecf605e1/pyobjc_framework_coretext-12.0-cp311-cp311-macosx_10_9_universal2.whl", hash = "sha256:681b6276e1b14b79a8de2ba25dd2406fa88b147a55775e19bf0a2dd32f23c143", size = 30001, upload-time = "2025-10-21T08:04:51.101Z" },
    { url = "https://files.pythonhosted.org/packages/40/7e/146d609f67784b184f9d0d178d57be4f9e0542ea73201c2f0d5a6d4341b2/pyobjc_framework_coretext-12.0-cp312-cp312-macosx_10_13_universal2.whl", hash = "sha256:a17dfb9366ce16be7da3d42c14e67bcd230a90cafada2249110e237e8ce1d114", size = 30118, upload-time = "2025-10-21T08:04:54.428Z" },
    { url = "https://files.pythonhosted.org/packages/30/64/31da2b1236c710b963510fc03008ebe607d03e2c0288467db9bf9f297873/pyobjc_framework_coretext-12.0-cp313-cp313-macosx_10_13_universal2.whl", hash = "sha256:ecd424cf6da1a69cad40ef4007bc5af842ccb7456c5fcc4c9aded40e3e0c22ba", size = 30119, upload-time = "2025-10-21T08:04:57.402Z" },
    { url = "https://files.pythonhosted.org/packages/21/1d/d23fa47ffb6ad32e26a58e357619b5564b4f6e421a839d12961cce521c8f/pyobjc_framework_coretext-12.0-cp313-cp313t-macosx_10_13_universal2.whl", hash = "sha256:60e84e46e0aeb12101a4354c39ce84066107773b0c96fdc4ff15fd1662dc88d8", size = 30702, upload-time = "2025-10-21T08:05:00.387Z" },
    { url = "https://files.pythonhosted.org/packages/07/e4/96caefd91817d0f82aaae089e4421cbbef2a216933b5c98435ee2927fbef/pyobjc_framework_coretext-12.0-cp314-cp314-macosx_10_15_universal2.whl", hash = "sha256:6ecf89af6de87072f1615fb89d7ed51b345000850a9b827774f262bf6be5acac", size = 30104, upload-time = "2025-10-21T08:05:03.331Z" },
    { url = "https://files.pythonhosted.org/packages/e5/b5/9152c1a2d8a6fb06d48a36d95b5bb919e820a2f623ca8313ab5eba263be0/pyobjc_framework_coretext-12.0-cp314-cp314t-macosx_10_15_universal2.whl", hash = "sha256:ddc34c91d16a653db81963141d29f8fc82550fc7a39ed39ff0332764d844ffe1", size = 30714, upload-time = "2025-10-21T08:05:07.092Z" },
]

[[package]]
name = "pyobjc-framework-coretext"
version = "12.1"
source = { registry = "https://pypi.org/simple" }
resolution-markers = [
    "python_full_version >= '3.10'",
]
dependencies = [
    { name = "pyobjc-core", version = "12.1", source = { registry = "https://pypi.org/simple" }, marker = "python_full_version >= '3.10'" },
    { name = "pyobjc-framework-cocoa", version = "12.1", source = { registry = "https://pypi.org/simple" }, marker = "python_full_version >= '3.10'" },
    { name = "pyobjc-framework-quartz", version = "12.1", source = { registry = "https://pypi.org/simple" }, marker = "python_full_version >= '3.10'" },
]
wheels = [
    { url = "https://files.pythonhosted.org/packages/27/1c/ddecc72a672d681476c668bcedcfb8ade16383c028eac566ac7458fb91ef/pyobjc_framework_coretext-12.1-cp310-cp310-macosx_10_9_universal2.whl", hash = "sha256:1c8315dcef6699c2953461d97117fe81402f7c29cff36d2950dacce028a362fd", size = 29987, upload-time = "2025-11-14T09:46:58.028Z" },
    { url = "https://files.pythonhosted.org/packages/f0/81/7b8efc41e743adfa2d74b92dec263c91bcebfb188d2a8f5eea1886a195ff/pyobjc_framework_coretext-12.1-cp311-cp311-macosx_10_9_universal2.whl", hash = "sha256:4f6742ba5b0bb7629c345e99eff928fbfd9e9d3d667421ac1a2a43bdb7ba9833", size = 29990, upload-time = "2025-11-14T09:47:01.206Z" },
    { url = "https://files.pythonhosted.org/packages/cd/0f/ddf45bf0e3ba4fbdc7772de4728fd97ffc34a0b5a15e1ab1115b202fe4ae/pyobjc_framework_coretext-12.1-cp312-cp312-macosx_10_13_universal2.whl", hash = "sha256:d246fa654bdbf43bae3969887d58f0b336c29b795ad55a54eb76397d0e62b93c", size = 30108, upload-time = "2025-11-14T09:47:04.228Z" },
    { url = "https://files.pythonhosted.org/packages/20/a2/a3974e3e807c68e23a9d7db66fc38ac54f7ecd2b7a9237042006699a76e1/pyobjc_framework_coretext-12.1-cp313-cp313-macosx_10_13_universal2.whl", hash = "sha256:7cbb2c28580e6704ce10b9a991ccd9563a22b3a75f67c36cf612544bd8b21b5f", size = 30110, upload-time = "2025-11-14T09:47:07.518Z" },
    { url = "https://files.pythonhosted.org/packages/0f/5d/85e059349e9cfbd57269a1f11f56747b3ff5799a3bcbd95485f363c623d8/pyobjc_framework_coretext-12.1-cp313-cp313t-macosx_10_13_universal2.whl", hash = "sha256:14100d1e39efb30f57869671fb6fce8d668f80c82e25e7930fb364866e5c0dab", size = 30697, upload-time = "2025-11-14T09:47:10.932Z" },
    { url = "https://files.pythonhosted.org/packages/ef/c3/adf9d306e9ead108167ab7a974ab7d171dbacf31c72fad63e12585f58023/pyobjc_framework_coretext-12.1-cp314-cp314-macosx_10_15_universal2.whl", hash = "sha256:782a1a9617ea267c05226e9cd81a8dec529969a607fe1e037541ee1feb9524e9", size = 30095, upload-time = "2025-11-14T09:47:13.893Z" },
    { url = "https://files.pythonhosted.org/packages/bd/ca/6321295f47a47b0fca7de7e751ddc0ddc360413f4e506335fe9b0f0fb085/pyobjc_framework_coretext-12.1-cp314-cp314t-macosx_10_15_universal2.whl", hash = "sha256:7afe379c5a870fa3e66e6f65231c3c1732d9ccd2cd2a4904b2cd5178c9e3c562", size = 30702, upload-time = "2025-11-14T09:47:17.292Z" },
]

[[package]]
name = "pyobjc-framework-quartz"
version = "10.3.2"
source = { registry = "https://pypi.org/simple" }
resolution-markers = [
    "python_full_version < '3.9'",
]
dependencies = [
    { name = "pyobjc-core", version = "12.0", source = { registry = "https://pypi.org/simple" }, marker = "python_full_version < '3.9'" },
    { name = "pyobjc-framework-cocoa", version = "10.3.2", source = { registry = "https://pypi.org/simple" }, marker = "python_full_version < '3.9'" },
]
sdist = { url = "https://files.pythonhosted.org/packages/eb/bd/d78c845a6f0640975e837d1d0f04d6bbd95bb88b77dcee22482144ac5ad0/pyobjc_framework_quartz-10.3.2.tar.gz", hash = "sha256:193e7752c93e2d1304f914e3a8c069f4b66de237376c5285ba7c72e9ee0e3b15", size = 3776754, upload-time = "2024-11-30T17:11:47.99Z" }
wheels = [
    { url = "https://files.pythonhosted.org/packages/6d/fd/60864ad81d267978b64341d298e5167a973b9d0121bd01f9ff47ad1902fc/pyobjc_framework_Quartz-10.3.2-cp310-cp310-macosx_10_9_universal2.whl", hash = "sha256:5574754c23895269751c2b78d2d2b33b6de415f562534a1432484558f0a5a293", size = 209295, upload-time = "2024-11-30T14:43:30.231Z" },
    { url = "https://files.pythonhosted.org/packages/e5/0c/465bb4415be16d96106f972500bc0fba5cd8a64951e24b37467d331e68f7/pyobjc_framework_Quartz-10.3.2-cp311-cp311-macosx_10_9_universal2.whl", hash = "sha256:4697f3ef1991f7877c201778005dc4098ced3d19d938ebf916384c8f795488d3", size = 209298, upload-time = "2024-11-30T14:43:49.041Z" },
    { url = "https://files.pythonhosted.org/packages/ca/92/29f0726d1031f0958db7639ab25fd1d2591b2c0638f3a7ca771bbf2cceee/pyobjc_framework_Quartz-10.3.2-cp312-cp312-macosx_10_13_universal2.whl", hash = "sha256:604188ee8ff051ffe74a12cb3274403fe9c3fa02b15fc4132685c0f74285ffe5", size = 209183, upload-time = "2024-11-30T14:43:50.923Z" },
    { url = "https://files.pythonhosted.org/packages/91/31/514b9b7c20fb8347dce5cdaa0934253a9c2c637d3f05b8f6ab1bb7fbbb4f/pyobjc_framework_Quartz-10.3.2-cp313-cp313-macosx_10_13_universal2.whl", hash = "sha256:9e27fb446e012c9571bc163cff5f3036e9e6fa5caca06b5d7882ad1c6b6aaf0c", size = 209167, upload-time = "2024-11-30T14:43:52.842Z" },
    { url = "https://files.pythonhosted.org/packages/ed/8f/6c23066cfc3c65c9769ac0fb9696c94ce36dc81dba48270f9b4810ee72d6/pyobjc_framework_Quartz-10.3.2-cp313-cp313t-macosx_10_13_universal2.whl", hash = "sha256:d5bd6ef96a3d08c97cf2aca43a819113cdff494b5abebcedd7cf23b6d6e711f4", size = 213534, upload-time = "2024-11-30T14:44:24.462Z" },
    { url = "https://files.pythonhosted.org/packages/2e/79/59963b2d9205695e5e3a0cbfbc5b225b687dc4fe111a1746707776e1f882/pyobjc_framework_Quartz-10.3.2-cp38-cp38-macosx_10_9_x86_64.whl", hash = "sha256:d3b55ec27cffff18d98d73694001a211ad4cdf717f7d8ad76235f845771d8b5d", size = 138020, upload-time = "2024-11-30T14:44:41.904Z" },
    { url = "https://files.pythonhosted.org/packages/7a/12/f31289e7a824284e4bddd79745460c376c416bc003125b4fe704f4a09691/pyobjc_framework_Quartz-10.3.2-cp38-cp38-macosx_11_0_universal2.whl", hash = "sha256:a58826db7e71de4654e5215b46f00f7825b17991078c9ba74ca729a4da024f82", size = 211696, upload-time = "2024-11-30T14:44:45.409Z" },
    { url = "https://files.pythonhosted.org/packages/85/8f/75fd9e6b7727607d631aaa555232189abca4b6b73318af087ed945ffb7e5/pyobjc_framework_Quartz-10.3.2-cp39-cp39-macosx_10_9_universal2.whl", hash = "sha256:6ede1001c28d27fc76f89a3243b3127dbd7dd03f39a3324766ae895cdcd1ebf1", size = 209270, upload-time = "2024-11-30T14:45:16.385Z" },
]

[[package]]
name = "pyobjc-framework-quartz"
version = "12.0"
source = { registry = "https://pypi.org/simple" }
resolution-markers = [
    "python_full_version == '3.9.*'",
]
dependencies = [
    { name = "pyobjc-core", version = "12.0", source = { registry = "https://pypi.org/simple" }, marker = "python_full_version == '3.9.*'" },
    { name = "pyobjc-framework-cocoa", version = "12.0", source = { registry = "https://pypi.org/simple" }, marker = "python_full_version == '3.9.*'" },
]
sdist = { url = "https://files.pythonhosted.org/packages/91/0b/3c34fc9de790daff5ca49d1f36cb8dcc353ac10e4e29b4759e397a3831f4/pyobjc_framework_quartz-12.0.tar.gz", hash = "sha256:5bcb9e78d671447e04d89e2e3c39f3135157892243facc5f8468aa333e40d67f", size = 3159509, upload-time = "2025-10-21T08:40:01.918Z" }
wheels = [
    { url = "https://files.pythonhosted.org/packages/b8/26/2a12e5b2284fef853ee5ee9070a1111645f165f14ed42b84c2f79fb78fe7/pyobjc_framework_quartz-12.0-cp310-cp310-macosx_10_9_universal2.whl", hash = "sha256:e63226d67117d1e429fe938414435314e99dc15e369e198cf57bea93231d76dc", size = 217790, upload-time = "2025-10-21T08:17:14.383Z" },
    { url = "https://files.pythonhosted.org/packages/b8/ed/13207ed99bd672a681cad3435512ab4e3217dd0cdc991c16a074ef6e7e95/pyobjc_framework_quartz-12.0-cp311-cp311-macosx_10_9_universal2.whl", hash = "sha256:6098bdb5db5837ecf6cf57f775efa9e5ce7c31f6452e4c4393de2198f5a3b06b", size = 217787, upload-time = "2025-10-21T08:17:29.353Z" },
    { url = "https://files.pythonhosted.org/packages/1c/76/2d7e6b0e2eb42b9a17b65c92575693f9d364b832e069024123742b54caa5/pyobjc_framework_quartz-12.0-cp312-cp312-macosx_10_13_universal2.whl", hash = "sha256:cb6818cbeea55e8b85c3347bb8acaf6f46ebb2c241ae4eb76ba1358c68f3ec5c", size = 218816, upload-time = "2025-10-21T08:17:44.316Z" },
    { url = "https://files.pythonhosted.org/packages/60/d8/05f8fb5f27af69c0b5a9802f220a7c00bbe595c790e13edefa042603b957/pyobjc_framework_quartz-12.0-cp313-cp313-macosx_10_13_universal2.whl", hash = "sha256:ece7a05aa2bfc3aa215f1a7c8580e873f3867ba40d0006469618cc2ceb796578", size = 219201, upload-time = "2025-10-21T08:17:59.277Z" },
    { url = "https://files.pythonhosted.org/packages/7e/3f/1228f86de266874e20c04f04736a5f11c5a29a1839efde594ba4097d0255/pyobjc_framework_quartz-12.0-cp313-cp313t-macosx_10_13_universal2.whl", hash = "sha256:f1b2e34f6f0dd023f80a0e875af4dab0ad27fccac239da9ad3d311a2d2578e27", size = 224330, upload-time = "2025-10-21T08:18:14.776Z" },
    { url = "https://files.pythonhosted.org/packages/8a/23/ec1804bd10c409fe98ba086329569914fd10b6814208ca6168e81ca0ec1a/pyobjc_framework_quartz-12.0-cp314-cp314-macosx_10_15_universal2.whl", hash = "sha256:a2cde43ddc5d2a9ace13af38b4a9ee70dbd47d1707ec6b7185a1a3a1d48e54f9", size = 219581, upload-time = "2025-10-21T08:18:30.219Z" },
    { url = "https://files.pythonhosted.org/packages/86/c2/cf89fda2e477c0c4e2a8aae86202c2891a83bead24e8a7fc733ff490dffc/pyobjc_framework_quartz-12.0-cp314-cp314t-macosx_10_15_universal2.whl", hash = "sha256:9b928d551ec779141558d986684c19f8f5742251721f440d7087257e4e35b22b", size = 224613, upload-time = "2025-10-21T08:18:45.39Z" },
]

[[package]]
name = "pyobjc-framework-quartz"
version = "12.1"
source = { registry = "https://pypi.org/simple" }
resolution-markers = [
    "python_full_version >= '3.10'",
]
dependencies = [
    { name = "pyobjc-core", version = "12.1", source = { registry = "https://pypi.org/simple" }, marker = "python_full_version >= '3.10'" },
    { name = "pyobjc-framework-cocoa", version = "12.1", source = { registry = "https://pypi.org/simple" }, marker = "python_full_version >= '3.10'" },
]
wheels = [
    { url = "https://files.pythonhosted.org/packages/17/f4/50c42c84796886e4d360407fb629000bb68d843b2502c88318375441676f/pyobjc_framework_quartz-12.1-cp310-cp310-macosx_10_9_universal2.whl", hash = "sha256:c6f312ae79ef8b3019dcf4b3374c52035c7c7bc4a09a1748b61b041bb685a0ed", size = 217799, upload-time = "2025-11-14T09:59:32.62Z" },
    { url = "https://files.pythonhosted.org/packages/b7/ef/dcd22b743e38b3c430fce4788176c2c5afa8bfb01085b8143b02d1e75201/pyobjc_framework_quartz-12.1-cp311-cp311-macosx_10_9_universal2.whl", hash = "sha256:19f99ac49a0b15dd892e155644fe80242d741411a9ed9c119b18b7466048625a", size = 217795, upload-time = "2025-11-14T09:59:46.922Z" },
    { url = "https://files.pythonhosted.org/packages/e9/9b/780f057e5962f690f23fdff1083a4cfda5a96d5b4d3bb49505cac4f624f2/pyobjc_framework_quartz-12.1-cp312-cp312-macosx_10_13_universal2.whl", hash = "sha256:7730cdce46c7e985535b5a42c31381af4aa6556e5642dc55b5e6597595e57a16", size = 218798, upload-time = "2025-11-14T10:00:01.236Z" },
    { url = "https://files.pythonhosted.org/packages/ba/2d/e8f495328101898c16c32ac10e7b14b08ff2c443a756a76fd1271915f097/pyobjc_framework_quartz-12.1-cp313-cp313-macosx_10_13_universal2.whl", hash = "sha256:629b7971b1b43a11617f1460cd218bd308dfea247cd4ee3842eb40ca6f588860", size = 219206, upload-time = "2025-11-14T10:00:15.623Z" },
    { url = "https://files.pythonhosted.org/packages/67/43/b1f0ad3b842ab150a7e6b7d97f6257eab6af241b4c7d14cb8e7fde9214b8/pyobjc_framework_quartz-12.1-cp313-cp313t-macosx_10_13_universal2.whl", hash = "sha256:53b84e880c358ba1ddcd7e8d5ea0407d760eca58b96f0d344829162cda5f37b3", size = 224317, upload-time = "2025-11-14T10:00:30.703Z" },
    { url = "https://files.pythonhosted.org/packages/4a/00/96249c5c7e5aaca5f688ca18b8d8ad05cd7886ebd639b3c71a6a4cadbe75/pyobjc_framework_quartz-12.1-cp314-cp314-macosx_10_15_universal2.whl", hash = "sha256:42d306b07f05ae7d155984503e0fb1b701fecd31dcc5c79fe8ab9790ff7e0de0", size = 219558, upload-time = "2025-11-14T10:00:45.476Z" },
    { url = "https://files.pythonhosted.org/packages/4d/a6/708a55f3ff7a18c403b30a29a11dccfed0410485a7548c60a4b6d4cc0676/pyobjc_framework_quartz-12.1-cp314-cp314t-macosx_10_15_universal2.whl", hash = "sha256:0cc08fddb339b2760df60dea1057453557588908e42bdc62184b6396ce2d6e9a", size = 224580, upload-time = "2025-11-14T10:01:00.091Z" },
]

[[package]]
name = "pyserial"
version = "3.5"
source = { registry = "https://pypi.org/simple" }
sdist = { url = "https://files.pythonhosted.org/packages/1e/7d/ae3f0a63f41e4d2f6cb66a5b57197850f919f59e558159a4dd3a818f5082/pyserial-3.5.tar.gz", hash = "sha256:3c77e014170dfffbd816e6ffc205e9842efb10be9f58ec16d3e8675b4925cddb", size = 159125, upload-time = "2020-11-23T03:59:15.045Z" }
wheels = [
    { url = "https://files.pythonhosted.org/packages/07/bc/587a445451b253b285629263eb51c2d8e9bcea4fc97826266d186f96f558/pyserial-3.5-py2.py3-none-any.whl", hash = "sha256:c4451db6ba391ca6ca299fb3ec7bae67a5c55dde170964c7a14ceefec02f2cf0", size = 90585, upload-time = "2020-11-23T03:59:13.41Z" },
]

[[package]]
name = "python-xlib"
version = "0.33"
source = { registry = "https://pypi.org/simple" }
dependencies = [
    { name = "six" },
]
sdist = { url = "https://files.pythonhosted.org/packages/86/f5/8c0653e5bb54e0cbdfe27bf32d41f27bc4e12faa8742778c17f2a71be2c0/python-xlib-0.33.tar.gz", hash = "sha256:55af7906a2c75ce6cb280a584776080602444f75815a7aff4d287bb2d7018b32", size = 269068, upload-time = "2022-12-25T18:53:00.824Z" }
wheels = [
    { url = "https://files.pythonhosted.org/packages/fc/b8/ff33610932e0ee81ae7f1269c890f697d56ff74b9f5b2ee5d9b7fa2c5355/python_xlib-0.33-py2.py3-none-any.whl", hash = "sha256:c3534038d42e0df2f1392a1b30a15a4ff5fdc2b86cfa94f072bf11b10a164398", size = 182185, upload-time = "2022-12-25T18:52:58.662Z" },
]

[[package]]
name = "six"
version = "1.17.0"
source = { registry = "https://pypi.org/simple" }
sdist = { url = "https://files.pythonhosted.org/packages/94/e7/b2c673351809dca68a0e064b6af791aa332cf192da575fd474ed7d6f16a2/six-1.17.0.tar.gz", hash = "sha256:ff70335d468e7eb6ec65b95b99d3a2836546063f63acc5171de367e834932a81", size = 34031, upload-time = "2024-12-04T17:35:28.174Z" }
wheels = [
    { url = "https://files.pythonhosted.org/packages/b7/ce/149a00dd41f10bc29e5921b496af8b574d8413afcd5e30dfa0ed46c2cc5e/six-1.17.0-py2.py3-none-any.whl", hash = "sha256:4721f391ed90541fddacab5acf947aa0d3dc7d27b2e1e8eda2be8970586c3274", size = 11050, upload-time = "2024-12-04T17:35:26.475Z" },
]
